
Microsoft Visual Studio Solution File, Format Version 12.00
# Visual Studio Version 17
VisualStudioVersion = 17.4.33205.214
MinimumVisualStudioVersion = 10.0.40219.1
Project("{9A19103F-16F7-4668-BE54-9A1E7A4F7556}") = "Limbo.FormattingObjects.Html", "Limbo.FormattingObjects.Html\Limbo.FormattingObjects.Html.csproj", "{5E61BD5B-AB64-41B3-929D-1C1F4597043C}"
EndProject
Project("{FAE04EC0-301F-11D3-BF4B-00C04F79EFBC}") = "TestProject1", "TestProject1\TestProject1.csproj", "{36EA40BF-F2CE-491A-92FA-9D36B1FE2318}"
EndProject
Global
	GlobalSection(SolutionConfigurationPlatforms) = preSolution
		Debug|Any CPU = Debug|Any CPU
		Release|Any CPU = Release|Any CPU
	EndGlobalSection
	GlobalSection(ProjectConfigurationPlatforms) = postSolution
		{5E61BD5B-AB64-41B3-929D-1C1F4597043C}.Debug|Any CPU.ActiveCfg = Debug|Any CPU
		{5E61BD5B-AB64-41B3-929D-1C1F4597043C}.Debug|Any CPU.Build.0 = Debug|Any CPU
		{5E61BD5B-AB64-41B3-929D-1C1F4597043C}.Release|Any CPU.ActiveCfg = Release|Any CPU
		{5E61BD5B-AB64-41B3-929D-1C1F4597043C}.Release|Any CPU.Build.0 = Release|Any CPU
		{36EA40BF-F2CE-491A-92FA-9D36B1FE2318}.Debug|Any CPU.ActiveCfg = Debug|Any CPU
		{36EA40BF-F2CE-491A-92FA-9D36B1FE2318}.Debug|Any CPU.Build.0 = Debug|Any CPU
		{36EA40BF-F2CE-491A-92FA-9D36B1FE2318}.Release|Any CPU.ActiveCfg = Release|Any CPU
		{36EA40BF-F2CE-491A-92FA-9D36B1FE2318}.Release|Any CPU.Build.0 = Release|Any CPU
	EndGlobalSection
	GlobalSection(SolutionProperties) = preSolution
		HideSolutionNode = FALSE
	EndGlobalSection
	GlobalSection(ExtensibilityGlobals) = postSolution
		SolutionGuid = {8387760F-0114-4F1F-94C7-2132C9D5E7F0}
	EndGlobalSection
EndGlobal
